
Microsoft Visual Studio Solution File, Format Version 12.00
# Visual Studio Version 17
VisualStudioVersion = 17.5.33627.172
MinimumVisualStudioVersion = 10.0.40219.1
Project("{FAE04EC0-301F-11D3-BF4B-00C04F79EFBC}") = "ContaCorrenteConstrutor", "ContaCorrenteConstrutor\ContaCorrenteConstrutor.csproj", "{D7DF5EF4-5A4B-4EFA-96D0-699F7D91339C}"
EndProject
Global
	GlobalSection(SolutionConfigurationPlatforms) = preSolution
		Debug|Any CPU = Debug|Any CPU
		Release|Any CPU = Release|Any CPU
	EndGlobalSection
	GlobalSection(ProjectConfigurationPlatforms) = postSolution
		{D7DF5EF4-5A4B-4EFA-96D0-699F7D91339C}.Debug|Any CPU.ActiveCfg = Debug|Any CPU
		{D7DF5EF4-5A4B-4EFA-96D0-699F7D91339C}.Debug|Any CPU.Build.0 = Debug|Any CPU
		{D7DF5EF4-5A4B-4EFA-96D0-699F7D91339C}.Release|Any CPU.ActiveCfg = Release|Any CPU
		{D7DF5EF4-5A4B-4EFA-96D0-699F7D91339C}.Release|Any CPU.Build.0 = Release|Any CPU
	EndGlobalSection
	GlobalSection(SolutionProperties) = preSolution
		HideSolutionNode = FALSE
	EndGlobalSection
	GlobalSection(ExtensibilityGlobals) = postSolution
		SolutionGuid = {077B32D2-558B-4FD5-97D0-4B24F2A39696}
	EndGlobalSection
EndGlobal
