
Microsoft Visual Studio Solution File, Format Version 12.00
# Visual Studio Version 17
VisualStudioVersion = 17.5.33627.172
MinimumVisualStudioVersion = 10.0.40219.1
Project("{FAE04EC0-301F-11D3-BF4B-00C04F79EFBC}") = "ValidarMatricula", "ValidarMatricula\ValidarMatricula.csproj", "{87D7B3DE-5D6F-4D20-AFE0-AB1E38F8DBB8}"
EndProject
Global
	GlobalSection(SolutionConfigurationPlatforms) = preSolution
		Debug|Any CPU = Debug|Any CPU
		Release|Any CPU = Release|Any CPU
	EndGlobalSection
	GlobalSection(ProjectConfigurationPlatforms) = postSolution
		{87D7B3DE-5D6F-4D20-AFE0-AB1E38F8DBB8}.Debug|Any CPU.ActiveCfg = Debug|Any CPU
		{87D7B3DE-5D6F-4D20-AFE0-AB1E38F8DBB8}.Debug|Any CPU.Build.0 = Debug|Any CPU
		{87D7B3DE-5D6F-4D20-AFE0-AB1E38F8DBB8}.Release|Any CPU.ActiveCfg = Release|Any CPU
		{87D7B3DE-5D6F-4D20-AFE0-AB1E38F8DBB8}.Release|Any CPU.Build.0 = Release|Any CPU
	EndGlobalSection
	GlobalSection(SolutionProperties) = preSolution
		HideSolutionNode = FALSE
	EndGlobalSection
	GlobalSection(ExtensibilityGlobals) = postSolution
		SolutionGuid = {061067AE-4900-42E8-9290-04BDB1A112BC}
	EndGlobalSection
EndGlobal
